
Microsoft Visual Studio Solution File, Format Version 12.00
# Visual Studio Version 17
VisualStudioVersion = 17.14.36414.22 d17.14
MinimumVisualStudioVersion = 10.0.40219.1
Project("{FAE04EC0-301F-11D3-BF4B-00C04F79EFBC}") = "Practical_03", "Practical_03\Practical_03.csproj", "{8629EA9C-4876-4503-B0ED-C33C9B6D32EE}"
EndProject
Global
	GlobalSection(SolutionConfigurationPlatforms) = preSolution
		Debug|Any CPU = Debug|Any CPU
		Release|Any CPU = Release|Any CPU
	EndGlobalSection
	GlobalSection(ProjectConfigurationPlatforms) = postSolution
		{8629EA9C-4876-4503-B0ED-C33C9B6D32EE}.Debug|Any CPU.ActiveCfg = Debug|Any CPU
		{8629EA9C-4876-4503-B0ED-C33C9B6D32EE}.Debug|Any CPU.Build.0 = Debug|Any CPU
		{8629EA9C-4876-4503-B0ED-C33C9B6D32EE}.Release|Any CPU.ActiveCfg = Release|Any CPU
		{8629EA9C-4876-4503-B0ED-C33C9B6D32EE}.Release|Any CPU.Build.0 = Release|Any CPU
	EndGlobalSection
	GlobalSection(SolutionProperties) = preSolution
		HideSolutionNode = FALSE
	EndGlobalSection
	GlobalSection(ExtensibilityGlobals) = postSolution
		SolutionGuid = {14C00C64-738F-4FC6-B48B-A3B65B113E09}
	EndGlobalSection
EndGlobal
